{
  "name": "trab-final",
  "version": "1.0.0",
  "lockfileVersion": 1,
  "requires": true,
  "dependencies": {
    "angular": {
      "version": "1.7.8",
      "resolved": "https://registry.npmjs.org/angular/-/angular-1.7.8.tgz",
      "integrity": "sha512-wtef/y4COxM7ZVhddd7JtAAhyYObq9YXKar9tsW7558BImeVYteJiTxCKeJOL45lJ/+7B4wrAC49j8gTFYEthg=="
    },
    "angular-animate": {
      "version": "1.7.8",
      "resolved": "https://registry.npmjs.org/angular-animate/-/angular-animate-1.7.8.tgz",
      "integrity": "sha512-bINtzizq7TbJzfVrDpwLfTxVl0Qd7fRNWFb5jKYI1vaFZobQNX/QONXlLow6ySsDbZ6eLECycB7mvWtfh1YYaw=="
    },
    "angular-aria": {
      "version": "1.7.8",
      "resolved": "https://registry.npmjs.org/angular-aria/-/angular-aria-1.7.8.tgz",
      "integrity": "sha512-facq/111sZKL2wUUqRA1GnGt+lZ8KAcX9Aw04cNA+OyEkoaoRC77NY4VSOTQxghlSd0OPAdLeFnmETnuiWrpLg=="
    },
    "angular-material": {
      "version": "1.1.19",
      "resolved": "https://registry.npmjs.org/angular-material/-/angular-material-1.1.19.tgz",
      "integrity": "sha512-R46TfnVsAkhRDcsbrFR5DB+Ja4LpPGugAQDHYItcvLYCIkVMf07cIx1q6WyFPiZQVwz3j+ECMveqsjX+jEUrgg=="
    },
    "angular-messages": {
      "version": "1.7.8",
      "resolved": "https://registry.npmjs.org/angular-messages/-/angular-messages-1.7.8.tgz",
      "integrity": "sha512-e7Oq4ugdTcAp4kLP9TNOh6mfSsYO2Uwf7NavLuNWqahDGRHYXilo2gcI/vxmFjPBOwAmreXrhYlpGLlJdzxfQg=="
    }
  }
}
